
Microsoft Visual Studio Solution File, Format Version 12.00
# Visual Studio Version 17
VisualStudioVersion = 17.9.34616.47
MinimumVisualStudioVersion = 10.0.40219.1
Project("{8BC9CEB8-8B4A-11D0-8D11-00A0C91BC942}") = "GLEngine", "GLEngine\GLEngine.vcxproj", "{74EA0353-6A93-4F8B-BD1B-4B163A3BBD81}"
EndProject
Global
	GlobalSection(SolutionConfigurationPlatforms) = preSolution
		Debug|x64 = Debug|x64
		Debug|x86 = Debug|x86
		Release|x64 = Release|x64
		Release|x86 = Release|x86
	EndGlobalSection
	GlobalSection(ProjectConfigurationPlatforms) = postSolution
		{74EA0353-6A93-4F8B-BD1B-4B163A3BBD81}.Debug|x64.ActiveCfg = Debug|x64
		{74EA0353-6A93-4F8B-BD1B-4B163A3BBD81}.Debug|x64.Build.0 = Debug|x64
		{74EA0353-6A93-4F8B-BD1B-4B163A3BBD81}.Debug|x86.ActiveCfg = Debug|Win32
		{74EA0353-6A93-4F8B-BD1B-4B163A3BBD81}.Debug|x86.Build.0 = Debug|Win32
		{74EA0353-6A93-4F8B-BD1B-4B163A3BBD81}.Release|x64.ActiveCfg = Release|x64
		{74EA0353-6A93-4F8B-BD1B-4B163A3BBD81}.Release|x64.Build.0 = Release|x64
		{74EA0353-6A93-4F8B-BD1B-4B163A3BBD81}.Release|x86.ActiveCfg = Release|Win32
		{74EA0353-6A93-4F8B-BD1B-4B163A3BBD81}.Release|x86.Build.0 = Release|Win32
	EndGlobalSection
	GlobalSection(SolutionProperties) = preSolution
		HideSolutionNode = FALSE
	EndGlobalSection
	GlobalSection(ExtensibilityGlobals) = postSolution
		SolutionGuid = {BF8C085A-E1E4-4FF3-BA74-9C7100FF6FEB}
	EndGlobalSection
EndGlobal
